
Microsoft Visual Studio Solution File, Format Version 12.00
# Visual Studio Version 17
VisualStudioVersion = 17.14.37027.9 d17.14
MinimumVisualStudioVersion = 10.0.40219.1
Project("{F2A71F9B-5D33-465A-A702-920D77279786}") = "MyWebSharperAppSPA01", "MyWebSharperAppSPA01.fsproj", "{CD6D6EA8-05F4-61B4-C84B-8C9F6B0C035A}"
EndProject
Global
	GlobalSection(SolutionConfigurationPlatforms) = preSolution
		Debug|Any CPU = Debug|Any CPU
		Release|Any CPU = Release|Any CPU
	EndGlobalSection
	GlobalSection(ProjectConfigurationPlatforms) = postSolution
		{CD6D6EA8-05F4-61B4-C84B-8C9F6B0C035A}.Debug|Any CPU.ActiveCfg = Debug|Any CPU
		{CD6D6EA8-05F4-61B4-C84B-8C9F6B0C035A}.Debug|Any CPU.Build.0 = Debug|Any CPU
		{CD6D6EA8-05F4-61B4-C84B-8C9F6B0C035A}.Release|Any CPU.ActiveCfg = Release|Any CPU
		{CD6D6EA8-05F4-61B4-C84B-8C9F6B0C035A}.Release|Any CPU.Build.0 = Release|Any CPU
	EndGlobalSection
	GlobalSection(SolutionProperties) = preSolution
		HideSolutionNode = FALSE
	EndGlobalSection
	GlobalSection(ExtensibilityGlobals) = postSolution
		SolutionGuid = {42AB0258-2959-44F5-8109-6A0E857C7C17}
	EndGlobalSection
EndGlobal
